PODS:
  - Capacitor (8.3.4):
    - CapacitorCordova
  - CapacitorCordova (8.3.4)

DEPENDENCIES:
  - "Capacitor (from `../../node_modules/@capacitor/ios`)"
  - "CapacitorCordova (from `../../node_modules/@capacitor/ios`)"

EXTERNAL SOURCES:
  Capacitor:
    :path: "../../node_modules/@capacitor/ios"
  CapacitorCordova:
    :path: "../../node_modules/@capacitor/ios"

SPEC CHECKSUMS:
  Capacitor: 64a14f6a0638fc6b6ec7c751b04fd86688c78596
  CapacitorCordova: c07921bdcfec6f691bae22274446b4d606ebf6a4

PODFILE CHECKSUM: b9069f1c534530d75a6f8a7e540134de4d6d2596

COCOAPODS: 1.16.2
